
Microsoft Visual Studio Solution File, Format Version 12.00
# Visual Studio Version 16
VisualStudioVersion = 16.0.29806.167
MinimumVisualStudioVersion = 10.0.40219.1
Project("{FAE04EC0-301F-11D3-BF4B-00C04F79EFBC}") = "Html", "Html\Html.csproj", "{EBD5842B-D16F-4ABC-8B4B-881A94D1B9EE}"
EndProject
Project("{FAE04EC0-301F-11D3-BF4B-00C04F79EFBC}") = "CssText", "CssText\CssText.csproj", "{70480081-F405-4021-B907-C17E49DC9E88}"
EndProject
Project("{FAE04EC0-301F-11D3-BF4B-00C04F79EFBC}") = "WorkingWithArrays", "WorkingWithArrays\WorkingWithArrays.csproj", "{73DFE0A8-970A-48C8-8D8E-908EBFCF5AF3}"
EndProject
Project("{FAE04EC0-301F-11D3-BF4B-00C04F79EFBC}") = "WorkingWithObjects", "WorkingWithObjects\WorkingWithObjects.csproj", "{0A9CA137-B3D3-4BD7-8040-D91BBFAA9A31}"
EndProject
Project("{FAE04EC0-301F-11D3-BF4B-00C04F79EFBC}") = "CssTable", "CssTable\CssTable.csproj", "{10C4D6A5-8AB3-4F96-A43E-F3CE6C4154E7}"
EndProject
Project("{FAE04EC0-301F-11D3-BF4B-00C04F79EFBC}") = "CssForm", "CssForm\CssForm.csproj", "{0D687AFD-DB64-45CB-AC53-541621F0F579}"
EndProject
Global
	GlobalSection(SolutionConfigurationPlatforms) = preSolution
		Debug|Any CPU = Debug|Any CPU
		Release|Any CPU = Release|Any CPU
	EndGlobalSection
	GlobalSection(ProjectConfigurationPlatforms) = postSolution
		{EBD5842B-D16F-4ABC-8B4B-881A94D1B9EE}.Debug|Any CPU.ActiveCfg = Debug|Any CPU
		{EBD5842B-D16F-4ABC-8B4B-881A94D1B9EE}.Debug|Any CPU.Build.0 = Debug|Any CPU
		{EBD5842B-D16F-4ABC-8B4B-881A94D1B9EE}.Release|Any CPU.ActiveCfg = Release|Any CPU
		{EBD5842B-D16F-4ABC-8B4B-881A94D1B9EE}.Release|Any CPU.Build.0 = Release|Any CPU
		{70480081-F405-4021-B907-C17E49DC9E88}.Debug|Any CPU.ActiveCfg = Debug|Any CPU
		{70480081-F405-4021-B907-C17E49DC9E88}.Debug|Any CPU.Build.0 = Debug|Any CPU
		{70480081-F405-4021-B907-C17E49DC9E88}.Release|Any CPU.ActiveCfg = Release|Any CPU
		{70480081-F405-4021-B907-C17E49DC9E88}.Release|Any CPU.Build.0 = Release|Any CPU
		{73DFE0A8-970A-48C8-8D8E-908EBFCF5AF3}.Debug|Any CPU.ActiveCfg = Debug|Any CPU
		{73DFE0A8-970A-48C8-8D8E-908EBFCF5AF3}.Debug|Any CPU.Build.0 = Debug|Any CPU
		{73DFE0A8-970A-48C8-8D8E-908EBFCF5AF3}.Release|Any CPU.ActiveCfg = Release|Any CPU
		{73DFE0A8-970A-48C8-8D8E-908EBFCF5AF3}.Release|Any CPU.Build.0 = Release|Any CPU
		{0A9CA137-B3D3-4BD7-8040-D91BBFAA9A31}.Debug|Any CPU.ActiveCfg = Debug|Any CPU
		{0A9CA137-B3D3-4BD7-8040-D91BBFAA9A31}.Debug|Any CPU.Build.0 = Debug|Any CPU
		{0A9CA137-B3D3-4BD7-8040-D91BBFAA9A31}.Release|Any CPU.ActiveCfg = Release|Any CPU
		{0A9CA137-B3D3-4BD7-8040-D91BBFAA9A31}.Release|Any CPU.Build.0 = Release|Any CPU
		{10C4D6A5-8AB3-4F96-A43E-F3CE6C4154E7}.Debug|Any CPU.ActiveCfg = Debug|Any CPU
		{10C4D6A5-8AB3-4F96-A43E-F3CE6C4154E7}.Debug|Any CPU.Build.0 = Debug|Any CPU
		{10C4D6A5-8AB3-4F96-A43E-F3CE6C4154E7}.Release|Any CPU.ActiveCfg = Release|Any CPU
		{10C4D6A5-8AB3-4F96-A43E-F3CE6C4154E7}.Release|Any CPU.Build.0 = Release|Any CPU
		{0D687AFD-DB64-45CB-AC53-541621F0F579}.Debug|Any CPU.ActiveCfg = Debug|Any CPU
		{0D687AFD-DB64-45CB-AC53-541621F0F579}.Debug|Any CPU.Build.0 = Debug|Any CPU
		{0D687AFD-DB64-45CB-AC53-541621F0F579}.Release|Any CPU.ActiveCfg = Release|Any CPU
		{0D687AFD-DB64-45CB-AC53-541621F0F579}.Release|Any CPU.Build.0 = Release|Any CPU
	EndGlobalSection
	GlobalSection(SolutionProperties) = preSolution
		HideSolutionNode = FALSE
	EndGlobalSection
	GlobalSection(ExtensibilityGlobals) = postSolution
		SolutionGuid = {95E2087C-F31B-4073-9B96-0E1C5435B0F1}
	EndGlobalSection
EndGlobal
